
Microsoft Visual Studio Solution File, Format Version 12.00
# Visual Studio 15
VisualStudioVersion = 15.0.28307.136
MinimumVisualStudioVersion = 10.0.40219.1
Project("{FAE04EC0-301F-11D3-BF4B-00C04F79EFBC}") = "解释器构造实践", "解释器构造实践\解释器构造实践.csproj", "{F59C85D4-FF3A-4090-9D01-73EF1FA501F7}"
EndProject
Global
	GlobalSection(SolutionConfigurationPlatforms) = preSolution
		Debug|Any CPU = Debug|Any CPU
		Release|Any CPU = Release|Any CPU
	EndGlobalSection
	GlobalSection(ProjectConfigurationPlatforms) = postSolution
		{F59C85D4-FF3A-4090-9D01-73EF1FA501F7}.Debug|Any CPU.ActiveCfg = Debug|Any CPU
		{F59C85D4-FF3A-4090-9D01-73EF1FA501F7}.Debug|Any CPU.Build.0 = Debug|Any CPU
		{F59C85D4-FF3A-4090-9D01-73EF1FA501F7}.Release|Any CPU.ActiveCfg = Release|Any CPU
		{F59C85D4-FF3A-4090-9D01-73EF1FA501F7}.Release|Any CPU.Build.0 = Release|Any CPU
	EndGlobalSection
	GlobalSection(SolutionProperties) = preSolution
		HideSolutionNode = FALSE
	EndGlobalSection
	GlobalSection(ExtensibilityGlobals) = postSolution
		SolutionGuid = {398E0773-DCBB-427D-B631-E3E78ADF0D76}
	EndGlobalSection
EndGlobal
